
Microsoft Visual Studio Solution File, Format Version 12.00
# Visual Studio Version 17
VisualStudioVersion = 17.0.31717.71
MinimumVisualStudioVersion = 10.0.40219.1
Project("{9A19103F-16F7-4668-BE54-9A1E7A4F7556}") = "Integraph.Models.IfcBase", "Integraph.Models.IfcBase\Integraph.Models.IfcBase.csproj", "{ACE102A8-D197-4270-A600-CDD4D11B63D4}"
EndProject
Project("{9A19103F-16F7-4668-BE54-9A1E7A4F7556}") = "Integraph.Models.IfcBase.Tests", "Integraph.Models.IfcBase.Tests\Integraph.Models.IfcBase.Tests.csproj", "{18D7BF30-FCC2-466F-AA29-5948FAF38D56}"
EndProject
Project("{FAE04EC0-301F-11D3-BF4B-00C04F79EFBC}") = "Integraph.Models.Ifc", "Integraph.Models.Ifc\Integraph.Models.Ifc.csproj", "{5EBE71EC-1507-4B8B-814B-2EB000A6BB72}"
EndProject
Project("{FAE04EC0-301F-11D3-BF4B-00C04F79EFBC}") = "Integraph.Models.Common", "Integraph.Models.Common\Integraph.Models.Common.csproj", "{A95E5037-8A0C-4FC6-9732-CE7BBE2FE965}"
EndProject
Global
	GlobalSection(SolutionConfigurationPlatforms) = preSolution
		Debug|Any CPU = Debug|Any CPU
		Release|Any CPU = Release|Any CPU
	EndGlobalSection
	GlobalSection(ProjectConfigurationPlatforms) = postSolution
		{ACE102A8-D197-4270-A600-CDD4D11B63D4}.Debug|Any CPU.ActiveCfg = Debug|Any CPU
		{ACE102A8-D197-4270-A600-CDD4D11B63D4}.Debug|Any CPU.Build.0 = Debug|Any CPU
		{ACE102A8-D197-4270-A600-CDD4D11B63D4}.Release|Any CPU.ActiveCfg = Release|Any CPU
		{ACE102A8-D197-4270-A600-CDD4D11B63D4}.Release|Any CPU.Build.0 = Release|Any CPU
		{18D7BF30-FCC2-466F-AA29-5948FAF38D56}.Debug|Any CPU.ActiveCfg = Debug|Any CPU
		{18D7BF30-FCC2-466F-AA29-5948FAF38D56}.Debug|Any CPU.Build.0 = Debug|Any CPU
		{18D7BF30-FCC2-466F-AA29-5948FAF38D56}.Release|Any CPU.ActiveCfg = Release|Any CPU
		{18D7BF30-FCC2-466F-AA29-5948FAF38D56}.Release|Any CPU.Build.0 = Release|Any CPU
		{5EBE71EC-1507-4B8B-814B-2EB000A6BB72}.Debug|Any CPU.ActiveCfg = Debug|Any CPU
		{5EBE71EC-1507-4B8B-814B-2EB000A6BB72}.Debug|Any CPU.Build.0 = Debug|Any CPU
		{5EBE71EC-1507-4B8B-814B-2EB000A6BB72}.Release|Any CPU.ActiveCfg = Release|Any CPU
		{5EBE71EC-1507-4B8B-814B-2EB000A6BB72}.Release|Any CPU.Build.0 = Release|Any CPU
		{A95E5037-8A0C-4FC6-9732-CE7BBE2FE965}.Debug|Any CPU.ActiveCfg = Debug|Any CPU
		{A95E5037-8A0C-4FC6-9732-CE7BBE2FE965}.Debug|Any CPU.Build.0 = Debug|Any CPU
		{A95E5037-8A0C-4FC6-9732-CE7BBE2FE965}.Release|Any CPU.ActiveCfg = Release|Any CPU
		{A95E5037-8A0C-4FC6-9732-CE7BBE2FE965}.Release|Any CPU.Build.0 = Release|Any CPU
	EndGlobalSection
	GlobalSection(SolutionProperties) = preSolution
		HideSolutionNode = FALSE
	EndGlobalSection
	GlobalSection(ExtensibilityGlobals) = postSolution
		SolutionGuid = {D789330C-FE64-4473-8161-B80394C9707E}
	EndGlobalSection
EndGlobal
